
Microsoft Visual Studio Solution File, Format Version 12.00
# Visual Studio Version 17
VisualStudioVersion = 17.7.33711.374
MinimumVisualStudioVersion = 10.0.40219.1
Project("{8BC9CEB8-8B4A-11D0-8D11-00A0C91BC942}") = "Guess the number in C++", "Guess the number in C++\Guess the number in C++.vcxproj", "{5E21A14C-B3F1-4F50-9BCB-B1E260C07CFE}"
EndProject
Global
	GlobalSection(SolutionConfigurationPlatforms) = preSolution
		Debug|x64 = Debug|x64
		Debug|x86 = Debug|x86
		Release|x64 = Release|x64
		Release|x86 = Release|x86
	EndGlobalSection
	GlobalSection(ProjectConfigurationPlatforms) = postSolution
		{5E21A14C-B3F1-4F50-9BCB-B1E260C07CFE}.Debug|x64.ActiveCfg = Debug|x64
		{5E21A14C-B3F1-4F50-9BCB-B1E260C07CFE}.Debug|x64.Build.0 = Debug|x64
		{5E21A14C-B3F1-4F50-9BCB-B1E260C07CFE}.Debug|x86.ActiveCfg = Debug|Win32
		{5E21A14C-B3F1-4F50-9BCB-B1E260C07CFE}.Debug|x86.Build.0 = Debug|Win32
		{5E21A14C-B3F1-4F50-9BCB-B1E260C07CFE}.Release|x64.ActiveCfg = Release|x64
		{5E21A14C-B3F1-4F50-9BCB-B1E260C07CFE}.Release|x64.Build.0 = Release|x64
		{5E21A14C-B3F1-4F50-9BCB-B1E260C07CFE}.Release|x86.ActiveCfg = Release|Win32
		{5E21A14C-B3F1-4F50-9BCB-B1E260C07CFE}.Release|x86.Build.0 = Release|Win32
	EndGlobalSection
	GlobalSection(SolutionProperties) = preSolution
		HideSolutionNode = FALSE
	EndGlobalSection
	GlobalSection(ExtensibilityGlobals) = postSolution
		SolutionGuid = {701A9CCC-A112-44D4-9C1D-1B325364BD46}
	EndGlobalSection
EndGlobal
